
Microsoft Visual Studio Solution File, Format Version 12.00
# Visual Studio Version 17
VisualStudioVersion = 17.9.34728.123
MinimumVisualStudioVersion = 10.0.40219.1
Project("{FAE04EC0-301F-11D3-BF4B-00C04F79EFBC}") = "StageOne", "StageOne\StageOne.csproj", "{6DBD7221-8B21-4A50-84BA-DC003726BBFF}"
EndProject
Global
	GlobalSection(SolutionConfigurationPlatforms) = preSolution
		Debug|Any CPU = Debug|Any CPU
		Release|Any CPU = Release|Any CPU
	EndGlobalSection
	GlobalSection(ProjectConfigurationPlatforms) = postSolution
		{6DBD7221-8B21-4A50-84BA-DC003726BBFF}.Debug|Any CPU.ActiveCfg = Debug|Any CPU
		{6DBD7221-8B21-4A50-84BA-DC003726BBFF}.Debug|Any CPU.Build.0 = Debug|Any CPU
		{6DBD7221-8B21-4A50-84BA-DC003726BBFF}.Release|Any CPU.ActiveCfg = Release|Any CPU
		{6DBD7221-8B21-4A50-84BA-DC003726BBFF}.Release|Any CPU.Build.0 = Release|Any CPU
	EndGlobalSection
	GlobalSection(SolutionProperties) = preSolution
		HideSolutionNode = FALSE
	EndGlobalSection
	GlobalSection(ExtensibilityGlobals) = postSolution
		SolutionGuid = {0D4C1201-BD07-4F25-AFB9-6230C3F71A95}
	EndGlobalSection
EndGlobal
